// !$*UTF8*$!
{
	archiveVersion = 1;
	classes = {
	};
	objectVersion = 46;
	objects = {

/* Begin PBXBuildFile section */
		5692958D1B8EAB3E007DC3C9 /* AppDelegate.swift in Sources */ = {isa = PBXBuildFile; fileRef = 569295811B8EAB3E007DC3C9 /* AppDelegate.swift */; };
		5692958E1B8EAB3E007DC3C9 /* LaunchScreen.xib in Resources */ = {isa = PBXBuildFile; fileRef = 569295821B8EAB3E007DC3C9 /* LaunchScreen.xib */; };
		5692958F1B8EAB3E007DC3C9 /* Main.storyboard in Resources */ = {isa = PBXBuildFile; fileRef = 569295841B8EAB3E007DC3C9 /* Main.storyboard */; };
		569295901B8EAB3E007DC3C9 /* BreathRecognizer.swift in Sources */ = {isa = PBXBuildFile; fileRef = 569295861B8EAB3E007DC3C9 /* BreathRecognizer.swift */; };
		569295911B8EAB3E007DC3C9 /* Images.xcassets in Resources */ = {isa = PBXBuildFile; fileRef = 569295871B8EAB3E007DC3C9 /* Images.xcassets */; };
		569295931B8EAB3E007DC3C9 /* ViewController.swift in Sources */ = {isa = PBXBuildFile; fileRef = 569295891B8EAB3E007DC3C9 /* ViewController.swift */; };
		EBA4C3F01B8DBB2D008841AD /* AVFoundation.framework in Frameworks */ = {isa = PBXBuildFile; fileRef = EBA4C3EE1B8DBB2D008841AD /* AVFoundation.framework */; };
		EBA4C3F11B8DBB2D008841AD /* AVKit.framework in Frameworks */ = {isa = PBXBuildFile; fileRef = EBA4C3EF1B8DBB2D008841AD /* AVKit.framework */; };
/* End PBXBuildFile section */

/* Begin PBXFileReference section */
		569295811B8EAB3E007DC3C9 /* AppDelegate.swift */ = {isa = PBXFileReference; fileEncoding = 4; lastKnownFileType = sourcecode.swift; path = AppDelegate.swift; sourceTree = "<group>"; };
		569295831B8EAB3E007DC3C9 /* Base */ = {isa = PBXFileReference; lastKnownFileType = file.xib; name = Base; path = Base.lproj/LaunchScreen.xib; sourceTree = "<group>"; };
		569295851B8EAB3E007DC3C9 /* Base */ = {isa = PBXFileReference; lastKnownFileType = file.storyboard; name = Base; path = Base.lproj/Main.storyboard; sourceTree = "<group>"; };
		569295861B8EAB3E007DC3C9 /* BreathRecognizer.swift */ = {isa = PBXFileReference; fileEncoding = 4; lastKnownFileType = sourcecode.swift; path = BreathRecognizer.swift; sourceTree = "<group>"; };
		569295871B8EAB3E007DC3C9 /* Images.xcassets */ = {isa = PBXFileReference; lastKnownFileType = folder.assetcatalog; path = Images.xcassets; sourceTree = "<group>"; };
		569295881B8EAB3E007DC3C9 /* Info.plist */ = {isa = PBXFileReference; fileEncoding = 4; lastKnownFileType = text.plist.xml; path = Info.plist; sourceTree = "<group>"; };
		569295891B8EAB3E007DC3C9 /* ViewController.swift */ = {isa = PBXFileReference; fileEncoding = 4; lastKnownFileType = sourcecode.swift; path = ViewController.swift; sourceTree = "<group>"; };
		EBA4C3C91B8DBA36008841AD /* BreathRecognizer.app */ = {isa = PBXFileReference; explicitFileType = wrapper.application; includeInIndex = 0; path = BreathRecognizer.app; sourceTree = BUILT_PRODUCTS_DIR; };
		EBA4C3EE1B8DBB2D008841AD /* AVFoundation.framework */ = {isa = PBXFileReference; lastKnownFileType = wrapper.framework; name = AVFoundation.framework; path = System/Library/Frameworks/AVFoundation.framework; sourceTree = SDKROOT; };
		EBA4C3EF1B8DBB2D008841AD /* AVKit.framework */ = {isa = PBXFileReference; lastKnownFileType = wrapper.framework; name = AVKit.framework; path = System/Library/Frameworks/AVKit.framework; sourceTree = SDKROOT; };
/* End PBXFileReference section */

/* Begin PBXFrameworksBuildPhase section */
		EBA4C3C61B8DBA36008841AD /* Frameworks */ = {
			isa = PBXFrameworksBuildPhase;
			buildActionMask = 2147483647;
			files = (
				EBA4C3F01B8DBB2D008841AD /* AVFoundation.framework in Frameworks */,
				EBA4C3F11B8DBB2D008841AD /* AVKit.framework in Frameworks */,
			);
			runOnlyForDeploymentPostprocessing = 0;
		};
/* End PBXFrameworksBuildPhase section */

/* Begin PBXGroup section */
		569295801B8EAB3E007DC3C9 /* BreathRecognizer */ = {
			isa = PBXGroup;
			children = (
				569295811B8EAB3E007DC3C9 /* AppDelegate.swift */,
				569295821B8EAB3E007DC3C9 /* LaunchScreen.xib */,
				569295841B8EAB3E007DC3C9 /* Main.storyboard */,
				569295861B8EAB3E007DC3C9 /* BreathRecognizer.swift */,
				569295871B8EAB3E007DC3C9 /* Images.xcassets */,
				569295881B8EAB3E007DC3C9 /* Info.plist */,
				569295891B8EAB3E007DC3C9 /* ViewController.swift */,
			);
			path = BreathRecognizer;
			sourceTree = "<group>";
		};
		EBA4C3C01B8DBA36008841AD = {
			isa = PBXGroup;
			children = (
				569295801B8EAB3E007DC3C9 /* BreathRecognizer */,
				EBA4C3CA1B8DBA36008841AD /* Products */,
				EBA4C3F21B8DBB33008841AD /* Frameworks */,
			);
			sourceTree = "<group>";
		};
		EBA4C3CA1B8DBA36008841AD /* Products */ = {
			isa = PBXGroup;
			children = (
				EBA4C3C91B8DBA36008841AD /* BreathRecognizer.app */,
			);
			name = Products;
			sourceTree = "<group>";
		};
		EBA4C3F21B8DBB33008841AD /* Frameworks */ = {
			isa = PBXGroup;
			children = (
				EBA4C3EE1B8DBB2D008841AD /* AVFoundation.framework */,
				EBA4C3EF1B8DBB2D008841AD /* AVKit.framework */,
			);
			name = Frameworks;
			sourceTree = "<group>";
		};
/* End PBXGroup section */

/* Begin PBXNativeTarget section */
		EBA4C3C81B8DBA36008841AD /* BreathRecognizer */ = {
			isa = PBXNativeTarget;
			buildConfigurationList = EBA4C3E81B8DBA36008841AD /* Build configuration list for PBXNativeTarget "BreathRecognizer" */;
			buildPhases = (
				EBA4C3C51B8DBA36008841AD /* Sources */,
				EBA4C3C61B8DBA36008841AD /* Frameworks */,
				EBA4C3C71B8DBA36008841AD /* Resources */,
			);
			buildRules = (
			);
			dependencies = (
			);
			name = BreathRecognizer;
			productName = BreathTest;
			productReference = EBA4C3C91B8DBA36008841AD /* BreathRecognizer.app */;
			productType = "com.apple.product-type.application";
		};
/* End PBXNativeTarget section */

/* Begin PBXProject section */
		EBA4C3C11B8DBA36008841AD /* Project object */ = {
			isa = PBXProject;
			attributes = {
				LastUpgradeCheck = 0640;
				ORGANIZATIONNAME = "Jeames Bone";
				TargetAttributes = {
					EBA4C3C81B8DBA36008841AD = {
						CreatedOnToolsVersion = 6.4;
					};
				};
			};
			buildConfigurationList = EBA4C3C41B8DBA36008841AD /* Build configuration list for PBXProject "BreathRecognizer" */;
			compatibilityVersion = "Xcode 3.2";
			developmentRegion = English;
			hasScannedForEncodings = 0;
			knownRegions = (
				en,
				Base,
			);
			mainGroup = EBA4C3C01B8DBA36008841AD;
			productRefGroup = EBA4C3CA1B8DBA36008841AD /* Products */;
			projectDirPath = "";
			projectRoot = "";
			targets = (
				EBA4C3C81B8DBA36008841AD /* BreathRecognizer */,
			);
		};
/* End PBXProject section */

/* Begin PBXResourcesBuildPhase section */
		EBA4C3C71B8DBA36008841AD /* Resources */ = {
			isa = PBXResourcesBuildPhase;
			buildActionMask = 2147483647;
			files = (
				569295911B8EAB3E007DC3C9 /* Images.xcassets in Resources */,
				5692958E1B8EAB3E007DC3C9 /* LaunchScreen.xib in Resources */,
				5692958F1B8EAB3E007DC3C9 /* Main.storyboard in Resources */,
			);
			runOnlyForDeploymentPostprocessing = 0;
		};
/* End PBXResourcesBuildPhase section */

/* Begin PBXSourcesBuildPhase section */
		EBA4C3C51B8DBA36008841AD /* Sources */ = {
			isa = PBXSourcesBuildPhase;
			buildActionMask = 2147483647;
			files = (
				569295931B8EAB3E007DC3C9 /* ViewController.swift in Sources */,
				5692958D1B8EAB3E007DC3C9 /* AppDelegate.swift in Sources */,
				569295901B8EAB3E007DC3C9 /* BreathRecognizer.swift in Sources */,
			);
			runOnlyForDeploymentPostprocessing = 0;
		};
/* End PBXSourcesBuildPhase section */

/* Begin PBXVariantGroup section */
		569295821B8EAB3E007DC3C9 /* LaunchScreen.xib */ = {
			isa = PBXVariantGroup;
			children = (
				569295831B8EAB3E007DC3C9 /* Base */,
			);
			name = LaunchScreen.xib;
			sourceTree = "<group>";
		};
		569295841B8EAB3E007DC3C9 /* Main.storyboard */ = {
			isa = PBXVariantGroup;
			children = (
				569295851B8EAB3E007DC3C9 /* Base */,
			);
			name = Main.storyboard;
			sourceTree = "<group>";
		};
/* End PBXVariantGroup section */

/* Begin XCBuildConfiguration section */
		EBA4C3E61B8DBA36008841AD /* Debug */ = {
			isa = XCBuildConfiguration;
			buildSettings = {
				ALWAYS_SEARCH_USER_PATHS = NO;
				CLANG_CXX_LANGUAGE_STANDARD = "gnu++0x";
				CLANG_CXX_LIBRARY = "libc++";
				CLANG_ENABLE_MODULES = YES;
				CLANG_ENABLE_OBJC_ARC = YES;
				CLANG_WARN_BOOL_CONVERSION = YES;
				CLANG_WARN_CONSTANT_CONVERSION = YES;
				CLANG_WARN_DIRECT_OBJC_ISA_USAGE = YES_ERROR;
				CLANG_WARN_EMPTY_BODY = YES;
				CLANG_WARN_ENUM_CONVERSION = YES;
				CLANG_WARN_INT_CONVERSION = YES;
				CLANG_WARN_OBJC_ROOT_CLASS = YES_ERROR;
				CLANG_WARN_UNREACHABLE_CODE = YES;
				CLANG_WARN__DUPLICATE_METHOD_MATCH = YES;
				"CODE_SIGN_IDENTITY[sdk=iphoneos*]" = "iPhone Developer";
				COPY_PHASE_STRIP = NO;
				DEBUG_INFORMATION_FORMAT = "dwarf-with-dsym";
				ENABLE_STRICT_OBJC_MSGSEND = YES;
				GCC_C_LANGUAGE_STANDARD = gnu99;
				GCC_DYNAMIC_NO_PIC = NO;
				GCC_NO_COMMON_BLOCKS = YES;
				GCC_OPTIMIZATION_LEVEL = 0;
				GCC_PREPROCESSOR_DEFINITIONS = (
					"DEBUG=1",
					"$(inherited)",
				);
				GCC_SYMBOLS_PRIVATE_EXTERN = NO;
				GCC_WARN_64_TO_32_BIT_CONVERSION = YES;
				GCC_WARN_ABOUT_RETURN_TYPE = YES_ERROR;
				GCC_WARN_UNDECLARED_SELECTOR = YES;
				GCC_WARN_UNINITIALIZED_AUTOS = YES_AGGRESSIVE;
				GCC_WARN_UNUSED_FUNCTION = YES;
				GCC_WARN_UNUSED_VARIABLE = YES;
				IPHONEOS_DEPLOYMENT_TARGET = 8.4;
				MTL_ENABLE_DEBUG_INFO = YES;
				ONLY_ACTIVE_ARCH = YES;
				SDKROOT = iphoneos;
				SWIFT_OPTIMIZATION_LEVEL = "-Onone";
				TARGETED_DEVICE_FAMILY = "1,2";
			};
			name = Debug;
		};
		EBA4C3E71B8DBA36008841AD /* Release */ = {
			isa = XCBuildConfiguration;
			buildSettings = {
				ALWAYS_SEARCH_USER_PATHS = NO;
				CLANG_CXX_LANGUAGE_STANDARD = "gnu++0x";
				CLANG_CXX_LIBRARY = "libc++";
				CLANG_ENABLE_MODULES = YES;
				CLANG_ENABLE_OBJC_ARC = YES;
				CLANG_WARN_BOOL_CONVERSION = YES;
				CLANG_WARN_CONSTANT_CONVERSION = YES;
				CLANG_WARN_DIRECT_OBJC_ISA_USAGE = YES_ERROR;
				CLANG_WARN_EMPTY_BODY = YES;
				CLANG_WARN_ENUM_CONVERSION = YES;
				CLANG_WARN_INT_CONVERSION = YES;
				CLANG_WARN_OBJC_ROOT_CLASS = YES_ERROR;
				CLANG_WARN_UNREACHABLE_CODE = YES;
				CLANG_WARN__DUPLICATE_METHOD_MATCH = YES;
				"CODE_SIGN_IDENTITY[sdk=iphoneos*]" = "iPhone Developer";
				COPY_PHASE_STRIP = NO;
				DEBUG_INFORMATION_FORMAT = "dwarf-with-dsym";
				ENABLE_NS_ASSERTIONS = NO;
				ENABLE_STRICT_OBJC_MSGSEND = YES;
				GCC_C_LANGUAGE_STANDARD = gnu99;
				GCC_NO_COMMON_BLOCKS = YES;
				GCC_WARN_64_TO_32_BIT_CONVERSION = YES;
				GCC_WARN_ABOUT_RETURN_TYPE = YES_ERROR;
				GCC_WARN_UNDECLARED_SELECTOR = YES;
				GCC_WARN_UNINITIALIZED_AUTOS = YES_AGGRESSIVE;
				GCC_WARN_UNUSED_FUNCTION = YES;
				GCC_WARN_UNUSED_VARIABLE = YES;
				IPHONEOS_DEPLOYMENT_TARGET = 8.4;
				MTL_ENABLE_DEBUG_INFO = NO;
				SDKROOT = iphoneos;
				TARGETED_DEVICE_FAMILY = "1,2";
				VALIDATE_PRODUCT = YES;
			};
			name = Release;
		};
		EBA4C3E91B8DBA36008841AD /* Debug */ = {
			isa = XCBuildConfiguration;
			buildSettings = {
				ASSETCATALOG_COMPILER_APPICON_NAME = AppIcon;
				INFOPLIST_FILE = "$(SRCROOT)/BreathRecognizer/Info.plist";
				LD_RUNPATH_SEARCH_PATHS = "$(inherited) @executable_path/Frameworks";
				PRODUCT_NAME = BreathRecognizer;
			};
			name = Debug;
		};
		EBA4C3EA1B8DBA36008841AD /* Release */ = {
			isa = XCBuildConfiguration;
			buildSettings = {
				ASSETCATALOG_COMPILER_APPICON_NAME = AppIcon;
				INFOPLIST_FILE = "$(SRCROOT)/BreathRecognizer/Info.plist";
				LD_RUNPATH_SEARCH_PATHS = "$(inherited) @executable_path/Frameworks";
				PRODUCT_NAME = BreathRecognizer;
			};
			name = Release;
		};
/* End XCBuildConfiguration section */

/* Begin XCConfigurationList section */
		EBA4C3C41B8DBA36008841AD /* Build configuration list for PBXProject "BreathRecognizer" */ = {
			isa = XCConfigurationList;
			buildConfigurations = (
				EBA4C3E61B8DBA36008841AD /* Debug */,
				EBA4C3E71B8DBA36008841AD /* Release */,
			);
			defaultConfigurationIsVisible = 0;
			defaultConfigurationName = Release;
		};
		EBA4C3E81B8DBA36008841AD /* Build configuration list for PBXNativeTarget "BreathRecognizer" */ = {
			isa = XCConfigurationList;
			buildConfigurations = (
				EBA4C3E91B8DBA36008841AD /* Debug */,
				EBA4C3EA1B8DBA36008841AD /* Release */,
			);
			defaultConfigurationIsVisible = 0;
			defaultConfigurationName = Release;
		};
/* End XCConfigurationList section */
	};
	rootObject = EBA4C3C11B8DBA36008841AD /* Project object */;
}
